
Microsoft Visual Studio Solution File, Format Version 12.00
# Visual Studio Version 16
VisualStudioVersion = 25.0.1706.14
MinimumVisualStudioVersion = 10.0.40219.1
Project("{FAE04EC0-301F-11D3-BF4B-00C04F79EFBC}") = "ConsoleApp1", "ConsoleApp1.csproj", "{527CFA7E-787D-49F4-B65E-B4C593B64D4F}"
EndProject
Global
	GlobalSection(SolutionConfigurationPlatforms) = preSolution
		Debug|Any CPU = Debug|Any CPU
		Release|Any CPU = Release|Any CPU
	EndGlobalSection
	GlobalSection(ProjectConfigurationPlatforms) = postSolution
		{527CFA7E-787D-49F4-B65E-B4C593B64D4F}.Debug|Any CPU.ActiveCfg = Debug|Any CPU
		{527CFA7E-787D-49F4-B65E-B4C593B64D4F}.Debug|Any CPU.Build.0 = Debug|Any CPU
		{527CFA7E-787D-49F4-B65E-B4C593B64D4F}.Release|Any CPU.ActiveCfg = Release|Any CPU
		{527CFA7E-787D-49F4-B65E-B4C593B64D4F}.Release|Any CPU.Build.0 = Release|Any CPU
	EndGlobalSection
	GlobalSection(SolutionProperties) = preSolution
		HideSolutionNode = FALSE
	EndGlobalSection
	GlobalSection(ExtensibilityGlobals) = postSolution
		SolutionGuid = {64DA8775-5E17-425D-9D7B-3202ACBB9B18}
	EndGlobalSection
EndGlobal
